
Microsoft Visual Studio Solution File, Format Version 12.00
# Visual Studio Version 16
VisualStudioVersion = 16.0.30709.132
MinimumVisualStudioVersion = 10.0.40219.1
Project("{FAE04EC0-301F-11D3-BF4B-00C04F79EFBC}") = "TestAndBuild.Web", "TestAndBuild.Web\TestAndBuild.Web.csproj", "{C42C9A96-41A5-4D0C-BD4C-5718F42CE4D3}"
EndProject
Project("{FAE04EC0-301F-11D3-BF4B-00C04F79EFBC}") = "TestAndBuild.Test", "TestAndBuild.Test\TestAndBuild.Test.csproj", "{7CFBC71D-E40E-426E-8FFA-4BF53F9569A2}"
EndProject
Global
	GlobalSection(SolutionConfigurationPlatforms) = preSolution
		Debug|Any CPU = Debug|Any CPU
		Release|Any CPU = Release|Any CPU
	EndGlobalSection
	GlobalSection(ProjectConfigurationPlatforms) = postSolution
		{C42C9A96-41A5-4D0C-BD4C-5718F42CE4D3}.Debug|Any CPU.ActiveCfg = Debug|Any CPU
		{C42C9A96-41A5-4D0C-BD4C-5718F42CE4D3}.Debug|Any CPU.Build.0 = Debug|Any CPU
		{C42C9A96-41A5-4D0C-BD4C-5718F42CE4D3}.Release|Any CPU.ActiveCfg = Release|Any CPU
		{C42C9A96-41A5-4D0C-BD4C-5718F42CE4D3}.Release|Any CPU.Build.0 = Release|Any CPU
		{7CFBC71D-E40E-426E-8FFA-4BF53F9569A2}.Debug|Any CPU.ActiveCfg = Debug|Any CPU
		{7CFBC71D-E40E-426E-8FFA-4BF53F9569A2}.Debug|Any CPU.Build.0 = Debug|Any CPU
		{7CFBC71D-E40E-426E-8FFA-4BF53F9569A2}.Release|Any CPU.ActiveCfg = Release|Any CPU
		{7CFBC71D-E40E-426E-8FFA-4BF53F9569A2}.Release|Any CPU.Build.0 = Release|Any CPU
	EndGlobalSection
	GlobalSection(SolutionProperties) = preSolution
		HideSolutionNode = FALSE
	EndGlobalSection
	GlobalSection(ExtensibilityGlobals) = postSolution
		SolutionGuid = {C10D0026-A437-4F9E-A1EC-AC74F18B3E79}
	EndGlobalSection
EndGlobal
